
Microsoft Visual Studio Solution File, Format Version 12.00
# Visual Studio Version 17
VisualStudioVersion = 17.8.34322.80
MinimumVisualStudioVersion = 10.0.40219.1
Project("{FAE04EC0-301F-11D3-BF4B-00C04F79EFBC}") = "Lab2", "Lab2.csproj", "{344AB026-9E43-4A68-B145-3C51CC4613EF}"
EndProject
Global
	GlobalSection(SolutionConfigurationPlatforms) = preSolution
		Debug|Any CPU = Debug|Any CPU
		Release|Any CPU = Release|Any CPU
	EndGlobalSection
	GlobalSection(ProjectConfigurationPlatforms) = postSolution
		{344AB026-9E43-4A68-B145-3C51CC4613EF}.Debug|Any CPU.ActiveCfg = Debug|Any CPU
		{344AB026-9E43-4A68-B145-3C51CC4613EF}.Debug|Any CPU.Build.0 = Debug|Any CPU
		{344AB026-9E43-4A68-B145-3C51CC4613EF}.Release|Any CPU.ActiveCfg = Release|Any CPU
		{344AB026-9E43-4A68-B145-3C51CC4613EF}.Release|Any CPU.Build.0 = Release|Any CPU
	EndGlobalSection
	GlobalSection(SolutionProperties) = preSolution
		HideSolutionNode = FALSE
	EndGlobalSection
	GlobalSection(ExtensibilityGlobals) = postSolution
		SolutionGuid = {908CF455-99A3-4E0B-B460-7DAB97BAFF1A}
	EndGlobalSection
EndGlobal
