
Microsoft Visual Studio Solution File, Format Version 12.00
# Visual Studio Version 17
VisualStudioVersion = 17.6.33815.320
MinimumVisualStudioVersion = 10.0.40219.1
Project("{FAE04EC0-301F-11D3-BF4B-00C04F79EFBC}") = "task0", "task0\task0.csproj", "{6FDB6DB2-FBBC-4616-88E1-3CF7A3B1D71B}"
EndProject
Global
	GlobalSection(SolutionConfigurationPlatforms) = preSolution
		Debug|Any CPU = Debug|Any CPU
		Release|Any CPU = Release|Any CPU
	EndGlobalSection
	GlobalSection(ProjectConfigurationPlatforms) = postSolution
		{6FDB6DB2-FBBC-4616-88E1-3CF7A3B1D71B}.Debug|Any CPU.ActiveCfg = Debug|Any CPU
		{6FDB6DB2-FBBC-4616-88E1-3CF7A3B1D71B}.Debug|Any CPU.Build.0 = Debug|Any CPU
		{6FDB6DB2-FBBC-4616-88E1-3CF7A3B1D71B}.Release|Any CPU.ActiveCfg = Release|Any CPU
		{6FDB6DB2-FBBC-4616-88E1-3CF7A3B1D71B}.Release|Any CPU.Build.0 = Release|Any CPU
	EndGlobalSection
	GlobalSection(SolutionProperties) = preSolution
		HideSolutionNode = FALSE
	EndGlobalSection
	GlobalSection(ExtensibilityGlobals) = postSolution
		SolutionGuid = {304B2A16-F80A-478B-8799-DCA9A05119D3}
	EndGlobalSection
EndGlobal
