
Microsoft Visual Studio Solution File, Format Version 12.00
# Visual Studio Version 17
VisualStudioVersion = 17.8.34322.80
MinimumVisualStudioVersion = 10.0.40219.1
Project("{9A19103F-16F7-4668-BE54-9A1E7A4F7556}") = "Lab1", "Lab1.csproj", "{DAF34C6D-CC26-4A65-958F-809ADB42E46B}"
EndProject
Global
	GlobalSection(SolutionConfigurationPlatforms) = preSolution
		Debug|Any CPU = Debug|Any CPU
		Release|Any CPU = Release|Any CPU
	EndGlobalSection
	GlobalSection(ProjectConfigurationPlatforms) = postSolution
		{DAF34C6D-CC26-4A65-958F-809ADB42E46B}.Debug|Any CPU.ActiveCfg = Debug|Any CPU
		{DAF34C6D-CC26-4A65-958F-809ADB42E46B}.Debug|Any CPU.Build.0 = Debug|Any CPU
		{DAF34C6D-CC26-4A65-958F-809ADB42E46B}.Release|Any CPU.ActiveCfg = Release|Any CPU
		{DAF34C6D-CC26-4A65-958F-809ADB42E46B}.Release|Any CPU.Build.0 = Release|Any CPU
	EndGlobalSection
	GlobalSection(SolutionProperties) = preSolution
		HideSolutionNode = FALSE
	EndGlobalSection
	GlobalSection(ExtensibilityGlobals) = postSolution
		SolutionGuid = {8CA7B8BF-0CD2-4749-8266-A47B4500B1E0}
	EndGlobalSection
EndGlobal
